{
  "originHash" : "9edeb5e958ce4e3ae8057554cb02e8e0b1822423d2f67d888956cd8d09f372f0",
  "pins" : [
    {
      "identity" : "ios-maps-sdk",
      "kind" : "remoteSourceControl",
      "location" : "https://github.com/googlemaps/ios-maps-sdk",
      "state" : {
        "revision" : "0cd72dd45109b0225dd920ff17e0362a96489ec0",
        "version" : "9.0.0"
      }
    },
    {
      "identity" : "ios-places-sdk",
      "kind" : "remoteSourceControl",
      "location" : "https://github.com/googlemaps/ios-places-sdk",
      "state" : {
        "revision" : "5eaf8e9a64f6a2ea27fdc845f4653fdc26231cc3",
        "version" : "9.0.0"
      }
    }
  ],
  "version" : 3
}
